
Microsoft Visual Studio Solution File, Format Version 12.00
# Visual Studio Version 17
VisualStudioVersion = 17.10.34916.146
MinimumVisualStudioVersion = 10.0.40219.1
Project("{9A19103F-16F7-4668-BE54-9A1E7A4F7556}") = "GrpcProductDemo", "GrpcProductDemo\GrpcProductDemo.csproj", "{291D9EE8-7768-48F2-8DB7-CA5AE567AACD}"
EndProject
Project("{FAE04EC0-301F-11D3-BF4B-00C04F79EFBC}") = "ConsoleApp", "ConsoleApp\ConsoleApp.csproj", "{0DE5F361-3461-45C9-919F-CE6EAEBEABAD}"
EndProject
Global
	GlobalSection(SolutionConfigurationPlatforms) = preSolution
		Debug|Any CPU = Debug|Any CPU
		Release|Any CPU = Release|Any CPU
	EndGlobalSection
	GlobalSection(ProjectConfigurationPlatforms) = postSolution
		{291D9EE8-7768-48F2-8DB7-CA5AE567AACD}.Debug|Any CPU.ActiveCfg = Debug|Any CPU
		{291D9EE8-7768-48F2-8DB7-CA5AE567AACD}.Debug|Any CPU.Build.0 = Debug|Any CPU
		{291D9EE8-7768-48F2-8DB7-CA5AE567AACD}.Release|Any CPU.ActiveCfg = Release|Any CPU
		{291D9EE8-7768-48F2-8DB7-CA5AE567AACD}.Release|Any CPU.Build.0 = Release|Any CPU
		{0DE5F361-3461-45C9-919F-CE6EAEBEABAD}.Debug|Any CPU.ActiveCfg = Debug|Any CPU
		{0DE5F361-3461-45C9-919F-CE6EAEBEABAD}.Debug|Any CPU.Build.0 = Debug|Any CPU
		{0DE5F361-3461-45C9-919F-CE6EAEBEABAD}.Release|Any CPU.ActiveCfg = Release|Any CPU
		{0DE5F361-3461-45C9-919F-CE6EAEBEABAD}.Release|Any CPU.Build.0 = Release|Any CPU
	EndGlobalSection
	GlobalSection(SolutionProperties) = preSolution
		HideSolutionNode = FALSE
	EndGlobalSection
	GlobalSection(ExtensibilityGlobals) = postSolution
		SolutionGuid = {C66985B9-5C29-4503-96E8-0B114345A31D}
	EndGlobalSection
EndGlobal
